
Microsoft Visual Studio Solution File, Format Version 12.00
# Visual Studio Version 16
VisualStudioVersion = 25.0.1703.0
MinimumVisualStudioVersion = 10.0.40219.1
Project("{FAE04EC0-301F-11D3-BF4B-00C04F79EFBC}") = "TodoAPI", "TodoAPI\TodoAPI.csproj", "{DE591881-7993-44C3-B86C-2EF0A47DF86B}"
EndProject
Global
	GlobalSection(SolutionConfigurationPlatforms) = preSolution
		Debug|Any CPU = Debug|Any CPU
		Release|Any CPU = Release|Any CPU
	EndGlobalSection
	GlobalSection(ProjectConfigurationPlatforms) = postSolution
		{DE591881-7993-44C3-B86C-2EF0A47DF86B}.Debug|Any CPU.ActiveCfg = Debug|Any CPU
		{DE591881-7993-44C3-B86C-2EF0A47DF86B}.Debug|Any CPU.Build.0 = Debug|Any CPU
		{DE591881-7993-44C3-B86C-2EF0A47DF86B}.Release|Any CPU.ActiveCfg = Release|Any CPU
		{DE591881-7993-44C3-B86C-2EF0A47DF86B}.Release|Any CPU.Build.0 = Release|Any CPU
	EndGlobalSection
	GlobalSection(SolutionProperties) = preSolution
		HideSolutionNode = FALSE
	EndGlobalSection
	GlobalSection(ExtensibilityGlobals) = postSolution
		SolutionGuid = {EC548D62-7704-4545-B356-21CF04E804FD}
	EndGlobalSection
EndGlobal
